
Microsoft Visual Studio Solution File, Format Version 12.00
# Visual Studio Version 16
VisualStudioVersion = 16.0.30611.23
MinimumVisualStudioVersion = 10.0.40219.1
Project("{FAE04EC0-301F-11D3-BF4B-00C04F79EFBC}") = "Invitations", "Invitations\Invitations.csproj", "{DBFBAFA5-D0D8-44D6-AFEA-7F4811515AC7}"
EndProject
Global
	GlobalSection(SolutionConfigurationPlatforms) = preSolution
		Debug|Any CPU = Debug|Any CPU
		Release|Any CPU = Release|Any CPU
	EndGlobalSection
	GlobalSection(ProjectConfigurationPlatforms) = postSolution
		{DBFBAFA5-D0D8-44D6-AFEA-7F4811515AC7}.Debug|Any CPU.ActiveCfg = Debug|Any CPU
		{DBFBAFA5-D0D8-44D6-AFEA-7F4811515AC7}.Debug|Any CPU.Build.0 = Debug|Any CPU
		{DBFBAFA5-D0D8-44D6-AFEA-7F4811515AC7}.Release|Any CPU.ActiveCfg = Release|Any CPU
		{DBFBAFA5-D0D8-44D6-AFEA-7F4811515AC7}.Release|Any CPU.Build.0 = Release|Any CPU
	EndGlobalSection
	GlobalSection(SolutionProperties) = preSolution
		HideSolutionNode = FALSE
	EndGlobalSection
	GlobalSection(ExtensibilityGlobals) = postSolution
		SolutionGuid = {8198A4BD-1D6E-4534-97EE-66F48E3C98D0}
	EndGlobalSection
EndGlobal
